
Microsoft Visual Studio Solution File, Format Version 12.00
# Visual Studio 15
VisualStudioVersion = 15.0.27428.2037
MinimumVisualStudioVersion = 10.0.40219.1
Project("{FAE04EC0-301F-11D3-BF4B-00C04F79EFBC}") = "SearchLastFile", "SearchLastFile\SearchLastFile.csproj", "{BAADB3AD-37FB-42E7-A3D8-89A6176ADD47}"
EndProject
Project("{FAE04EC0-301F-11D3-BF4B-00C04F79EFBC}") = "ArrayDifferents", "ArrayDifferents\ArrayDifferents.csproj", "{32054858-DBED-4649-8719-E120C62D3324}"
EndProject
Global
	GlobalSection(SolutionConfigurationPlatforms) = preSolution
		Debug|Any CPU = Debug|Any CPU
		Release|Any CPU = Release|Any CPU
	EndGlobalSection
	GlobalSection(ProjectConfigurationPlatforms) = postSolution
		{BAADB3AD-37FB-42E7-A3D8-89A6176ADD47}.Debug|Any CPU.ActiveCfg = Debug|Any CPU
		{BAADB3AD-37FB-42E7-A3D8-89A6176ADD47}.Debug|Any CPU.Build.0 = Debug|Any CPU
		{BAADB3AD-37FB-42E7-A3D8-89A6176ADD47}.Release|Any CPU.ActiveCfg = Release|Any CPU
		{BAADB3AD-37FB-42E7-A3D8-89A6176ADD47}.Release|Any CPU.Build.0 = Release|Any CPU
		{32054858-DBED-4649-8719-E120C62D3324}.Debug|Any CPU.ActiveCfg = Debug|Any CPU
		{32054858-DBED-4649-8719-E120C62D3324}.Debug|Any CPU.Build.0 = Debug|Any CPU
		{32054858-DBED-4649-8719-E120C62D3324}.Release|Any CPU.ActiveCfg = Release|Any CPU
		{32054858-DBED-4649-8719-E120C62D3324}.Release|Any CPU.Build.0 = Release|Any CPU
	EndGlobalSection
	GlobalSection(SolutionProperties) = preSolution
		HideSolutionNode = FALSE
	EndGlobalSection
	GlobalSection(ExtensibilityGlobals) = postSolution
		SolutionGuid = {813EF463-0010-44F6-B910-C916B84BCC7C}
	EndGlobalSection
EndGlobal
